PODS:
  - Kingfisher (5.15.7):
    - Kingfisher/Core (= 5.15.7)
  - Kingfisher/Core (5.15.7)
  - RxBlocking (6.0.0-rc.1):
    - RxSwift (= 6.0.0-rc.1)
  - RxCocoa (6.0.0-rc.1):
    - RxRelay (= 6.0.0-rc.1)
    - RxSwift (= 6.0.0-rc.1)
  - RxRelay (6.0.0-rc.1):
    - RxSwift (= 6.0.0-rc.1)
  - RxSwift (6.0.0-rc.1)
  - RxTest (6.0.0-rc.1):
    - RxSwift (= 6.0.0-rc.1)

DEPENDENCIES:
  - Kingfisher (~> 5.15)
  - RxBlocking (= 6.0.0-rc.1)
  - RxCocoa (= 6.0.0-rc.1)
  - RxSwift (= 6.0.0-rc.1)
  - RxTest (= 6.0.0-rc.1)

SPEC REPOS:
  trunk:
    - Kingfisher
    - RxBlocking
    - RxCocoa
    - RxRelay
    - RxSwift
    - RxTest

SPEC CHECKSUMS:
  Kingfisher: 6e1a13523fcb1c86924ce53affe4ac957e544d59
  RxBlocking: 48b816ec9fe6e6688fae2f536e4bee899afaaa23
  RxCocoa: a28d75145c07b7547b85faf1e1ad8b25af88a752
  RxRelay: 56abad6d32f73567858506d08735fdb341935b9a
  RxSwift: dae1a32c48148897494b9e2a6b00a68b40694236
  RxTest: 168030c245ae98ebd710692af173aa47eda6f3c2

PODFILE CHECKSUM: dca3f451ee8c2bf8ee85852fe1590bd1d5d9da63

COCOAPODS: 1.8.4
